
Microsoft Visual Studio Solution File, Format Version 12.00
# Visual Studio 15
VisualStudioVersion = 15.0.27703.2047
MinimumVisualStudioVersion = 10.0.40219.1
Project("{FAE04EC0-301F-11D3-BF4B-00C04F79EFBC}") = "CG 5-3 Dice Game", "CG 5-3 Dice Game\CG 5-3 Dice Game.csproj", "{53D4E00E-C58A-4280-BC43-72328E828AD6}"
EndProject
Global
	GlobalSection(SolutionConfigurationPlatforms) = preSolution
		Debug|Any CPU = Debug|Any CPU
		Release|Any CPU = Release|Any CPU
	EndGlobalSection
	GlobalSection(ProjectConfigurationPlatforms) = postSolution
		{53D4E00E-C58A-4280-BC43-72328E828AD6}.Debug|Any CPU.ActiveCfg = Debug|Any CPU
		{53D4E00E-C58A-4280-BC43-72328E828AD6}.Debug|Any CPU.Build.0 = Debug|Any CPU
		{53D4E00E-C58A-4280-BC43-72328E828AD6}.Release|Any CPU.ActiveCfg = Release|Any CPU
		{53D4E00E-C58A-4280-BC43-72328E828AD6}.Release|Any CPU.Build.0 = Release|Any CPU
	EndGlobalSection
	GlobalSection(SolutionProperties) = preSolution
		HideSolutionNode = FALSE
	EndGlobalSection
	GlobalSection(ExtensibilityGlobals) = postSolution
		SolutionGuid = {D49E2D8F-5219-4764-9829-8A99D71A1378}
	EndGlobalSection
EndGlobal
